# @generated by Move, please check-in and do not edit manually.

[move]
version = 0
manifest_digest = "4B6B4EA8CAD7D4EAC273DFA76D7F946C974CAA7BEE528A2FE0363F09693320C2"
deps_digest = "F9B494B64F0615AED0E98FC12A85B85ECD2BC5185C22D30E7F67786BB52E507C"

dependencies = [
  { name = "MoveStdlib" },
  { name = "Su" },
  { name = "Sui" },
  { name = "SuiTears" },
]

[[move.package]]
name = "MoveStdlib"
source = { git = "https://github.com/MystenLabs/sui.git", rev = "framework/testnet", subdir = "crates/sui-framework/packages/move-stdlib" }

[[move.package]]
name = "Su"
source = { local = "../contracts" }

dependencies = [
  { name = "MoveStdlib" },
  { name = "Sui" },
  { name = "SuiTears" },
]

[[move.package]]
name = "Sui"
source = { git = "https://github.com/MystenLabs/sui.git", rev = "framework/testnet", subdir = "crates/sui-framework/packages/sui-framework" }

dependencies = [
  { name = "MoveStdlib" },
]

[[move.package]]
name = "SuiTears"
source = { git = "https://github.com/interest-protocol/suitears.git", rev = "testnet", subdir = "contracts" }

dependencies = [
  { name = "MoveStdlib" },
  { name = "Sui" },
]

[move.toolchain-version]
compiler-version = "1.18.0"
edition = "legacy"
flavor = "sui"
