# @generated by Move, please check-in and do not edit manually.

[move]
version = 0
manifest_digest = "A1627105B2882F669EF933D19CD53B83B5280E1CC7B6E5C0259B7218B423F8F8"
deps_digest = "F9B494B64F0615AED0E98FC12A85B85ECD2BC5185C22D30E7F67786BB52E507C"

dependencies = [
  { name = "CoinXOracle" },
  { name = "MoveStdlib" },
  { name = "Sui" },
  { name = "SuiTears" },
]

[[move.package]]
name = "CoinXOracle"
source = { git = "https://github.com/interest-protocol/coin-x-oracle.git", rev = "main", subdir = "contracts" }

dependencies = [
  { name = "MoveStdlib" },
  { name = "Pyth" },
  { name = "Sui" },
  { name = "SuiTears" },
  { name = "SwitchboardStdLib" },
  { name = "Wormhole" },
]

[[move.package]]
name = "MoveStdlib"
source = { git = "https://github.com/MystenLabs/sui.git", rev = "framework/testnet", subdir = "crates/sui-framework/packages/move-stdlib" }

[[move.package]]
name = "Pyth"
source = { git = "https://github.com/interest-protocol/coin-x-oracle.git", rev = "main", subdir = "dependencies/pyth" }

dependencies = [
  { name = "MoveStdlib" },
  { name = "Sui" },
  { name = "Wormhole" },
]

[[move.package]]
name = "Sui"
source = { git = "https://github.com/MystenLabs/sui.git", rev = "framework/testnet", subdir = "crates/sui-framework/packages/sui-framework" }

dependencies = [
  { name = "MoveStdlib" },
]

[[move.package]]
name = "SuiTears"
source = { git = "https://github.com/interest-protocol/suitears.git", rev = "testnet", subdir = "contracts" }

dependencies = [
  { name = "MoveStdlib" },
  { name = "Sui" },
]

[[move.package]]
name = "SwitchboardStdLib"
source = { git = "https://github.com/switchboard-xyz/sbv2-sui.git", rev = "main", subdir = "move/testnet/switchboard_std/" }

dependencies = [
  { name = "MoveStdlib" },
  { name = "Sui" },
]

[[move.package]]
name = "Wormhole"
source = { git = "https://github.com/interest-protocol/coin-x-oracle.git", rev = "main", subdir = "dependencies/wormhole" }

dependencies = [
  { name = "MoveStdlib" },
  { name = "Sui" },
]

[move.toolchain-version]
compiler-version = "1.24.1"
edition = "2024.beta"
flavor = "sui"
